github.com/gosundy/bitmap v0.0.0-20201206093332-19289f4e9c75 h1:1WNJyns/TLMwORj88oitzPfq9qf5nH34xnRnbBOM/uU=
github.com/gosundy/bitmap v0.0.0-20201206093332-19289f4e9c75/go.mod h1:4vVaBF300FNeiSMZdeteiB2S/xLfnl7WYYCL+eDIsRQ=
github.com/gosundy/bitmap v0.0.0-20201206135908-04ac09581e0d h1:DS0oOPtBedLqO3kO6M9EbOEBL0ib/FGKYKHThqpzCs4=
github.com/gosundy/bitmap v0.0.0-20201206135908-04ac09581e0d/go.mod h1:4vVaBF300FNeiSMZdeteiB2S/xLfnl7WYYCL+eDIsRQ=
